// !$*UTF8*$!
{
	archiveVersion = 1;
	classes = {
	};
	objectVersion = 46;
	objects = {

/* Begin PBXBuildFile section */
		02A3BD63C22A80BACCC4039C /* WebKit.framework */ = {isa = PBXBuildFile; fileRef = D80A148AFA36DC849888FBD6; };
		05C6B8235FCAE327AA85F4F1 /* include_juce_graphics_Sheenbidi.c */ = {isa = PBXBuildFile; fileRef = 294800C03ADCF5194A4BAE28; };
		05DED8DFCB49884D3BF770EB /* include_juce_core_CompilationTime.cpp */ = {isa = PBXBuildFile; fileRef = C6A74DD4BAB5FD5C73C2A6BB; };
		06A216FBBF531CED41B0F71A /* include_juce_audio_formats.mm */ = {isa = PBXBuildFile; fileRef = 76953FDBF2F35B9C51AC5B5D; };
		074730391BF41D4CB3517B70 /* include_juce_audio_processors_headless.mm */ = {isa = PBXBuildFile; fileRef = 92F23B65F3C6CC58B587FEE1; };
		10959566E8E64246E8A5B658 /* include_juce_gui_basics.mm */ = {isa = PBXBuildFile; fileRef = 570F321E4FD1CD4851FE8983; };
		1D7DA8271B267AAAA0E29FD0 /* QuartzCore.framework */ = {isa = PBXBuildFile; fileRef = ADD757A7CFDB4E8CAAEE0B0D; };
		20BD8C87EC33DB48B0A73CEE /* Cocoa.framework */ = {isa = PBXBuildFile; fileRef = CDE05232CF67CD25B674D6A9; };
		222FD0CAF8067A07EC7B9201 /* include_juce_events.mm */ = {isa = PBXBuildFile; fileRef = 13951B3F6117B3DC8A50D955; };
		3AEFE55D6140F0FD0BFA42E8 /* CoreMIDI.framework */ = {isa = PBXBuildFile; fileRef = 0AD83753744DE5719ED1DCC4; };
		3C990F3F1F0F154AD47D570F /* CoreAudioKit.framework */ = {isa = PBXBuildFile; fileRef = 23EFA2D018084F9F56E2D90D; };
		3E7B2333F4803165FFB7A382 /* include_juce_audio_processors_headless_ara.cpp */ = {isa = PBXBuildFile; fileRef = 04861877E63DA1FBF123DB0B; };
		3F94EF6F92AE381CB4B99EAA /* DiscRecording.framework */ = {isa = PBXBuildFile; fileRef = 90C6773FFC599908B9171AD1; };
		4981BD116BB2CF7B5EE4153B /* include_juce_data_structures.mm */ = {isa = PBXBuildFile; fileRef = 492E3942F36153D14DBCFD88; };
		4F9DA7FF39F325CFE75A0646 /* AudioToolbox.framework */ = {isa = PBXBuildFile; fileRef = 1CD99A27003FC11945D9C60C; };
		4FE10AECEC12DF35AC337A7C /* include_juce_graphics.mm */ = {isa = PBXBuildFile; fileRef = 4F63D0F0E79FB5ED072AAF02; };
		5E0EAE380B1998FA935CF515 /* RecentFilesMenuTemplate.nib */ = {isa = PBXBuildFile; fileRef = 14AF10D9C33EB959F5510CBF; };
		655C17BE621A167071C85E3B /* Metal.framework */ = {isa = PBXBuildFile; fileRef = 81B155E4BD6EE4DA1E5B495A; settings = { ATTRIBUTES = (Weak, ); }; };
		66F667D621D0015BD789EF99 /* include_juce_audio_processors.mm */ = {isa = PBXBuildFile; fileRef = 1D1E0616987C8D5B214FCF86; };
		6C97DA90A25E2E78E426EA11 /* Accelerate.framework */ = {isa = PBXBuildFile; fileRef = 77C99DD8ADA8AA973F9D2B78; };
		71FB986F62B50685EF5C3B9A /* include_juce_gui_extra.mm */ = {isa = PBXBuildFile; fileRef = D80CD72B932F0ADD70D0959C; };
		738D0FE31DC4B7207C47D8D8 /* include_juce_graphics_Harfbuzz.cpp */ = {isa = PBXBuildFile; fileRef = 7515E6DFB4A164F417828A54; };
		7712C1C50EF7112AAF6BB149 /* include_juce_audio_utils.mm */ = {isa = PBXBuildFile; fileRef = 9224D5AFE15DC7388A8743C4; };
		77A03971BF707AE1F12BF459 /* App */ = {isa = PBXBuildFile; fileRef = 8ADF014293BCEE69859E341E; };
		7D7F73C11280F2589212DA2C /* MetalKit.framework */ = {isa = PBXBuildFile; fileRef = 211D3D25FB3796731AF4E1B1; settings = { ATTRIBUTES = (Weak, ); }; };
		8486B53B71B832787040BFAD /* IOKit.framework */ = {isa = PBXBuildFile; fileRef = E8192E8D1F3FB8C4235367A9; };
		909060E8DF4EE14FB5D32ACB /* Foundation.framework */ = {isa = PBXBuildFile; fileRef = 5F38DAC2F094E7A06B55FCED; };
		A10965B80423594E5932126B /* include_juce_core.mm */ = {isa = PBXBuildFile; fileRef = 5A7F7E40189FE7EE6ECA53F8; };
		A76E70375AACE62EE238171E /* include_juce_audio_basics.mm */ = {isa = PBXBuildFile; fileRef = 60FAF9D56B54D04CAFC70B80; };
		B99BA2296AC4CD6C4F3E75DD /* CoreAudio.framework */ = {isa = PBXBuildFile; fileRef = BFD279BF9392F1BC704EAA25; };
		BF9B32793426514794227869 /* include_juce_audio_processors_headless_lv2_libs.cpp */ = {isa = PBXBuildFile; fileRef = 42A946EA50B2EF1CDD1E6E6B; };
		D5BC4D0EA930DD96C6831919 /* Main.cpp */ = {isa = PBXBuildFile; fileRef = 59F553F37D1024A08145372D; };
		DC9D8A4F914513296C906767 /* MainComponent.cpp */ = {isa = PBXBuildFile; fileRef = E706BD372BE8FC4E7A8A398A; };
		E38AA75DF9713D35EF053896 /* Security.framework */ = {isa = PBXBuildFile; fileRef = 40EBF5D39654B808586E9532; };
		F8417ACA6A78837403F0CDF2 /* include_juce_audio_devices.mm */ = {isa = PBXBuildFile; fileRef = 6830B6944EF8C5C4621582E3; };
/* End PBXBuildFile section */

/* Begin PBXFileReference section */
		04861877E63DA1FBF123DB0B /* include_juce_audio_processors_headless_ara.cpp */ /* include_juce_audio_processors_headless_ara.cpp */ = {isa = PBXFileReference; lastKnownFileType = sourcecode.cpp.cpp; name = include_juce_audio_processors_headless_ara.cpp; path = ../../JuceLibraryCode/include_juce_audio_processors_headless_ara.cpp; sourceTree = SOURCE_ROOT; };
		0AD83753744DE5719ED1DCC4 /* CoreMIDI.framework */ /* CoreMIDI.framework */ = {isa = PBXFileReference; lastKnownFileType = wrapper.framework; name = CoreMIDI.framework; path = System/Library/Frameworks/CoreMIDI.framework; sourceTree = SDKROOT; };
		1025FBFF7A0CDF4B5642DD99 /* juce_gui_basics */ /* juce_gui_basics */ = {isa = PBXFileReference; lastKnownFileType = folder; name = juce_gui_basics; path = "~/JUCE/modules/juce_gui_basics"; sourceTree = "<absolute>"; };
		13951B3F6117B3DC8A50D955 /* include_juce_events.mm */ /* include_juce_events.mm */ = {isa = PBXFileReference; lastKnownFileType = sourcecode.cpp.objcpp; name = include_juce_events.mm; path = ../../JuceLibraryCode/include_juce_events.mm; sourceTree = SOURCE_ROOT; };
		14AF10D9C33EB959F5510CBF /* RecentFilesMenuTemplate.nib */ /* RecentFilesMenuTemplate.nib */ = {isa = PBXFileReference; lastKnownFileType = file.nib; name = RecentFilesMenuTemplate.nib; path = RecentFilesMenuTemplate.nib; sourceTree = SOURCE_ROOT; };
		15A16DF0345CEC7F4764819E /* juce_audio_basics */ /* juce_audio_basics */ = {isa = PBXFileReference; lastKnownFileType = folder; name = juce_audio_basics; path = "~/JUCE/modules/juce_audio_basics"; sourceTree = "<absolute>"; };
		1CD99A27003FC11945D9C60C /* AudioToolbox.framework */ /* AudioToolbox.framework */ = {isa = PBXFileReference; lastKnownFileType = wrapper.framework; name = AudioToolbox.framework; path = System/Library/Frameworks/AudioToolbox.framework; sourceTree = SDKROOT; };
		1D1E0616987C8D5B214FCF86 /* include_juce_audio_processors.mm */ /* include_juce_audio_processors.mm */ = {isa = PBXFileReference; lastKnownFileType = sourcecode.cpp.objcpp; name = include_juce_audio_processors.mm; path = ../../JuceLibraryCode/include_juce_audio_processors.mm; sourceTree = SOURCE_ROOT; };
		211D3D25FB3796731AF4E1B1 /* MetalKit.framework */ /* MetalKit.framework */ = {isa = PBXFileReference; lastKnownFileType = wrapper.framework; name = MetalKit.framework; path = System/Library/Frameworks/MetalKit.framework; sourceTree = SDKROOT; };
		23EFA2D018084F9F56E2D90D /* CoreAudioKit.framework */ /* CoreAudioKit.framework */ = {isa = PBXFileReference; lastKnownFileType = wrapper.framework; name = CoreAudioKit.framework; path = System/Library/Frameworks/CoreAudioKit.framework; sourceTree = SDKROOT; };
		244881B2723A8E0650AEE783 /* juce_data_structures */ /* juce_data_structures */ = {isa = PBXFileReference; lastKnownFileType = folder; name = juce_data_structures; path = "~/JUCE/modules/juce_data_structures"; sourceTree = "<absolute>"; };
		294800C03ADCF5194A4BAE28 /* include_juce_graphics_Sheenbidi.c */ /* include_juce_graphics_Sheenbidi.c */ = {isa = PBXFileReference; lastKnownFileType = sourcecode.c.c; name = include_juce_graphics_Sheenbidi.c; path = ../../JuceLibraryCode/include_juce_graphics_Sheenbidi.c; sourceTree = SOURCE_ROOT; };
		3EF8A7117B985E4F080A6D5D /* juce_events */ /* juce_events */ = {isa = PBXFileReference; lastKnownFileType = folder; name = juce_events; path = "~/JUCE/modules/juce_events"; sourceTree = "<absolute>"; };
		40EBF5D39654B808586E9532 /* Security.framework */ /* Security.framework */ = {isa = PBXFileReference; lastKnownFileType = wrapper.framework; name = Security.framework; path = System/Library/Frameworks/Security.framework; sourceTree = SDKROOT; };
		42A946EA50B2EF1CDD1E6E6B /* include_juce_audio_processors_headless_lv2_libs.cpp */ /* include_juce_audio_processors_headless_lv2_libs.cpp */ = {isa = PBXFileReference; lastKnownFileType = sourcecode.cpp.cpp; name = include_juce_audio_processors_headless_lv2_libs.cpp; path = ../../JuceLibraryCode/include_juce_audio_processors_headless_lv2_libs.cpp; sourceTree = SOURCE_ROOT; };
		47CF74F52E8599DA48849D1F /* juce_audio_processors */ /* juce_audio_processors */ = {isa = PBXFileReference; lastKnownFileType = folder; name = juce_audio_processors; path = "~/JUCE/modules/juce_audio_processors"; sourceTree = "<absolute>"; };
		492E3942F36153D14DBCFD88 /* include_juce_data_structures.mm */ /* include_juce_data_structures.mm */ = {isa = PBXFileReference; lastKnownFileType = sourcecode.cpp.objcpp; name = include_juce_data_structures.mm; path = ../../JuceLibraryCode/include_juce_data_structures.mm; sourceTree = SOURCE_ROOT; };
		4F33B8023F0A5FABD586D64C /* MainComponent.h */ /* MainComponent.h */ = {isa = PBXFileReference; lastKnownFileType = sourcecode.c.h; name = MainComponent.h; path = ../../Source/MainComponent.h; sourceTree = SOURCE_ROOT; };
		4F63D0F0E79FB5ED072AAF02 /* include_juce_graphics.mm */ /* include_juce_graphics.mm */ = {isa = PBXFileReference; lastKnownFileType = sourcecode.cpp.objcpp; name = include_juce_graphics.mm; path = ../../JuceLibraryCode/include_juce_graphics.mm; sourceTree = SOURCE_ROOT; };
		570F321E4FD1CD4851FE8983 /* include_juce_gui_basics.mm */ /* include_juce_gui_basics.mm */ = {isa = PBXFileReference; lastKnownFileType = sourcecode.cpp.objcpp; name = include_juce_gui_basics.mm; path = ../../JuceLibraryCode/include_juce_gui_basics.mm; sourceTree = SOURCE_ROOT; };
		58A5E878D46EFB3DCD91CB0E /* juce_audio_formats */ /* juce_audio_formats */ = {isa = PBXFileReference; lastKnownFileType = folder; name = juce_audio_formats; path = "~/JUCE/modules/juce_audio_formats"; sourceTree = "<absolute>"; };
		59F553F37D1024A08145372D /* Main.cpp */ /* Main.cpp */ = {isa = PBXFileReference; lastKnownFileType = sourcecode.cpp.cpp; name = Main.cpp; path = ../../Source/Main.cpp; sourceTree = SOURCE_ROOT; };
		5A7F7E40189FE7EE6ECA53F8 /* include_juce_core.mm */ /* include_juce_core.mm */ = {isa = PBXFileReference; lastKnownFileType = sourcecode.cpp.objcpp; name = include_juce_core.mm; path = ../../JuceLibraryCode/include_juce_core.mm; sourceTree = SOURCE_ROOT; };
		5F38DAC2F094E7A06B55FCED /* Foundation.framework */ /* Foundation.framework */ = {isa = PBXFileReference; lastKnownFileType = wrapper.framework; name = Foundation.framework; path = System/Library/Frameworks/Foundation.framework; sourceTree = SDKROOT; };
		60FAF9D56B54D04CAFC70B80 /* include_juce_audio_basics.mm */ /* include_juce_audio_basics.mm */ = {isa = PBXFileReference; lastKnownFileType = sourcecode.cpp.objcpp; name = include_juce_audio_basics.mm; path = ../../JuceLibraryCode/include_juce_audio_basics.mm; sourceTree = SOURCE_ROOT; };
		6830B6944EF8C5C4621582E3 /* include_juce_audio_devices.mm */ /* include_juce_audio_devices.mm */ = {isa = PBXFileReference; lastKnownFileType = sourcecode.cpp.objcpp; name = include_juce_audio_devices.mm; path = ../../JuceLibraryCode/include_juce_audio_devices.mm; sourceTree = SOURCE_ROOT; };
		6AAC4CF7A80CCA24EAD9F304 /* juce_gui_extra */ /* juce_gui_extra */ = {isa = PBXFileReference; lastKnownFileType = folder; name = juce_gui_extra; path = "~/JUCE/modules/juce_gui_extra"; sourceTree = "<absolute>"; };
		6E0CEEC0973B2D96969E04B2 /* juce_audio_utils */ /* juce_audio_utils */ = {isa = PBXFileReference; lastKnownFileType = folder; name = juce_audio_utils; path = "~/JUCE/modules/juce_audio_utils"; sourceTree = "<absolute>"; };
		7515E6DFB4A164F417828A54 /* include_juce_graphics_Harfbuzz.cpp */ /* include_juce_graphics_Harfbuzz.cpp */ = {isa = PBXFileReference; lastKnownFileType = sourcecode.cpp.cpp; name = include_juce_graphics_Harfbuzz.cpp; path = ../../JuceLibraryCode/include_juce_graphics_Harfbuzz.cpp; sourceTree = SOURCE_ROOT; };
		76953FDBF2F35B9C51AC5B5D /* include_juce_audio_formats.mm */ /* include_juce_audio_formats.mm */ = {isa = PBXFileReference; lastKnownFileType = sourcecode.cpp.objcpp; name = include_juce_audio_formats.mm; path = ../../JuceLibraryCode/include_juce_audio_formats.mm; sourceTree = SOURCE_ROOT; };
		77C99DD8ADA8AA973F9D2B78 /* Accelerate.framework */ /* Accelerate.framework */ = {isa = PBXFileReference; lastKnownFileType = wrapper.framework; name = Accelerate.framework; path = System/Library/Frameworks/Accelerate.framework; sourceTree = SDKROOT; };
		79B76F78C7BB6C35A69E34E1 /* juce_graphics */ /* juce_graphics */ = {isa = PBXFileReference; lastKnownFileType = folder; name = juce_graphics; path = "~/JUCE/modules/juce_graphics"; sourceTree = "<absolute>"; };
		81B155E4BD6EE4DA1E5B495A /* Metal.framework */ /* Metal.framework */ = {isa = PBXFileReference; lastKnownFileType = wrapper.framework; name = Metal.framework; path = System/Library/Frameworks/Metal.framework; sourceTree = SDKROOT; };
		8ADF014293BCEE69859E341E /* App */ = {isa = PBXFileReference; explicitFileType = wrapper.application; includeInIndex = 0; path = straDellaMIDI.app; sourceTree = BUILT_PRODUCTS_DIR; };
		90C6773FFC599908B9171AD1 /* DiscRecording.framework */ /* DiscRecording.framework */ = {isa = PBXFileReference; lastKnownFileType = wrapper.framework; name = DiscRecording.framework; path = System/Library/Frameworks/DiscRecording.framework; sourceTree = SDKROOT; };
		921D2EF3BDD40FA51452B4E4 /* juce_audio_devices */ /* juce_audio_devices */ = {isa = PBXFileReference; lastKnownFileType = folder; name = juce_audio_devices; path = "~/JUCE/modules/juce_audio_devices"; sourceTree = "<absolute>"; };
		9224D5AFE15DC7388A8743C4 /* include_juce_audio_utils.mm */ /* include_juce_audio_utils.mm */ = {isa = PBXFileReference; lastKnownFileType = sourcecode.cpp.objcpp; name = include_juce_audio_utils.mm; path = ../../JuceLibraryCode/include_juce_audio_utils.mm; sourceTree = SOURCE_ROOT; };
		92F23B65F3C6CC58B587FEE1 /* include_juce_audio_processors_headless.mm */ /* include_juce_audio_processors_headless.mm */ = {isa = PBXFileReference; lastKnownFileType = sourcecode.cpp.objcpp; name = include_juce_audio_processors_headless.mm; path = ../../JuceLibraryCode/include_juce_audio_processors_headless.mm; sourceTree = SOURCE_ROOT; };
		A8820CAAB872CB9F2CC0B981 /* juce_core */ /* juce_core */ = {isa = PBXFileReference; lastKnownFileType = folder; name = juce_core; path = "~/JUCE/modules/juce_core"; sourceTree = "<absolute>"; };
		ADD757A7CFDB4E8CAAEE0B0D /* QuartzCore.framework */ /* QuartzCore.framework */ = {isa = PBXFileReference; lastKnownFileType = wrapper.framework; name = QuartzCore.framework; path = System/Library/Frameworks/QuartzCore.framework; sourceTree = SDKROOT; };
		B2582DBF94D307789F04DBEA /* Info-App.plist */ /* Info-App.plist */ = {isa = PBXFileReference; lastKnownFileType = text.plist.xml; name = "Info-App.plist"; path = "Info-App.plist"; sourceTree = SOURCE_ROOT; };
		BBE2C3FE4E6D934792429F97 /* JuceHeader.h */ /* JuceHeader.h */ = {isa = PBXFileReference; lastKnownFileType = sourcecode.c.h; name = JuceHeader.h; path = ../../JuceLibraryCode/JuceHeader.h; sourceTree = SOURCE_ROOT; };
		BFD279BF9392F1BC704EAA25 /* CoreAudio.framework */ /* CoreAudio.framework */ = {isa = PBXFileReference; lastKnownFileType = wrapper.framework; name = CoreAudio.framework; path = System/Library/Frameworks/CoreAudio.framework; sourceTree = SDKROOT; };
		C09833C48B341279D6B05E07 /* juce_audio_processors_headless */ /* juce_audio_processors_headless */ = {isa = PBXFileReference; lastKnownFileType = folder; name = juce_audio_processors_headless; path = "~/JUCE/modules/juce_audio_processors_headless"; sourceTree = "<absolute>"; };
		C6A74DD4BAB5FD5C73C2A6BB /* include_juce_core_CompilationTime.cpp */ /* include_juce_core_CompilationTime.cpp */ = {isa = PBXFileReference; lastKnownFileType = sourcecode.cpp.cpp; name = include_juce_core_CompilationTime.cpp; path = ../../JuceLibraryCode/include_juce_core_CompilationTime.cpp; sourceTree = SOURCE_ROOT; };
		CDE05232CF67CD25B674D6A9 /* Cocoa.framework */ /* Cocoa.framework */ = {isa = PBXFileReference; lastKnownFileType = wrapper.framework; name = Cocoa.framework; path = System/Library/Frameworks/Cocoa.framework; sourceTree = SDKROOT; };
		D80A148AFA36DC849888FBD6 /* WebKit.framework */ /* WebKit.framework */ = {isa = PBXFileReference; lastKnownFileType = wrapper.framework; name = WebKit.framework; path = System/Library/Frameworks/WebKit.framework; sourceTree = SDKROOT; };
		D80CD72B932F0ADD70D0959C /* include_juce_gui_extra.mm */ /* include_juce_gui_extra.mm */ = {isa = PBXFileReference; lastKnownFileType = sourcecode.cpp.objcpp; name = include_juce_gui_extra.mm; path = ../../JuceLibraryCode/include_juce_gui_extra.mm; sourceTree = SOURCE_ROOT; };
		E706BD372BE8FC4E7A8A398A /* MainComponent.cpp */ /* MainComponent.cpp */ = {isa = PBXFileReference; lastKnownFileType = sourcecode.cpp.cpp; name = MainComponent.cpp; path = ../../Source/MainComponent.cpp; sourceTree = SOURCE_ROOT; };
		E8192E8D1F3FB8C4235367A9 /* IOKit.framework */ /* IOKit.framework */ = {isa = PBXFileReference; lastKnownFileType = wrapper.framework; name = IOKit.framework; path = System/Library/Frameworks/IOKit.framework; sourceTree = SDKROOT; };
/* End PBXFileReference section */

/* Begin PBXFrameworksBuildPhase section */
		7ADF18D829A6E69EC2FC48EF = {
			isa = PBXFrameworksBuildPhase;
			buildActionMask = 2147483647;
			files = (
				6C97DA90A25E2E78E426EA11,
				4F9DA7FF39F325CFE75A0646,
				20BD8C87EC33DB48B0A73CEE,
				B99BA2296AC4CD6C4F3E75DD,
				3C990F3F1F0F154AD47D570F,
				3AEFE55D6140F0FD0BFA42E8,
				3F94EF6F92AE381CB4B99EAA,
				909060E8DF4EE14FB5D32ACB,
				8486B53B71B832787040BFAD,
				1D7DA8271B267AAAA0E29FD0,
				E38AA75DF9713D35EF053896,
				02A3BD63C22A80BACCC4039C,
				655C17BE621A167071C85E3B,
				7D7F73C11280F2589212DA2C,
			);
			runOnlyForDeploymentPostprocessing = 0;
		};
/* End PBXFrameworksBuildPhase section */

/* Begin PBXGroup section */
		3DBF386244137DCF9C9A2A7E /* Source */ = {
			isa = PBXGroup;
			children = (
				42884C05E00D95D45254A4B1,
				5008707DF80A305A69AD6B4C,
				A84C0D7911ADA77925C341AE,
				88AD9803C8D95BDF69927B2B,
				6A7A1E5229E6C4A45477ADD8,
				A7E833744777C3CF8C2F321A,
			);
			name = Source;
			sourceTree = "<group>";
		};
		42884C05E00D95D45254A4B1 /* straDellaMIDI */ = {
			isa = PBXGroup;
			children = (
				69D12885BC699BC07A028BC1,
			);
			name = straDellaMIDI;
			sourceTree = "<group>";
		};
		5008707DF80A305A69AD6B4C /* JUCE Modules */ = {
			isa = PBXGroup;
			children = (
				15A16DF0345CEC7F4764819E,
				921D2EF3BDD40FA51452B4E4,
				58A5E878D46EFB3DCD91CB0E,
				47CF74F52E8599DA48849D1F,
				C09833C48B341279D6B05E07,
				6E0CEEC0973B2D96969E04B2,
				A8820CAAB872CB9F2CC0B981,
				244881B2723A8E0650AEE783,
				3EF8A7117B985E4F080A6D5D,
				79B76F78C7BB6C35A69E34E1,
				1025FBFF7A0CDF4B5642DD99,
				6AAC4CF7A80CCA24EAD9F304,
			);
			name = "JUCE Modules";
			sourceTree = "<group>";
		};
		69D12885BC699BC07A028BC1 /* Source */ = {
			isa = PBXGroup;
			children = (
				59F553F37D1024A08145372D,
				4F33B8023F0A5FABD586D64C,
				E706BD372BE8FC4E7A8A398A,
			);
			name = Source;
			sourceTree = "<group>";
		};
		6A7A1E5229E6C4A45477ADD8 /* Frameworks */ = {
			isa = PBXGroup;
			children = (
				77C99DD8ADA8AA973F9D2B78,
				1CD99A27003FC11945D9C60C,
				CDE05232CF67CD25B674D6A9,
				BFD279BF9392F1BC704EAA25,
				23EFA2D018084F9F56E2D90D,
				0AD83753744DE5719ED1DCC4,
				90C6773FFC599908B9171AD1,
				5F38DAC2F094E7A06B55FCED,
				E8192E8D1F3FB8C4235367A9,
				ADD757A7CFDB4E8CAAEE0B0D,
				40EBF5D39654B808586E9532,
				D80A148AFA36DC849888FBD6,
				81B155E4BD6EE4DA1E5B495A,
				211D3D25FB3796731AF4E1B1,
			);
			name = Frameworks;
			sourceTree = "<group>";
		};
		88AD9803C8D95BDF69927B2B /* Resources */ = {
			isa = PBXGroup;
			children = (
				B2582DBF94D307789F04DBEA,
				14AF10D9C33EB959F5510CBF,
			);
			name = Resources;
			sourceTree = "<group>";
		};
		A7E833744777C3CF8C2F321A /* Products */ = {
			isa = PBXGroup;
			children = (
				8ADF014293BCEE69859E341E,
			);
			name = Products;
			sourceTree = "<group>";
		};
		A84C0D7911ADA77925C341AE /* JUCE Library Code */ = {
			isa = PBXGroup;
			children = (
				60FAF9D56B54D04CAFC70B80,
				6830B6944EF8C5C4621582E3,
				76953FDBF2F35B9C51AC5B5D,
				1D1E0616987C8D5B214FCF86,
				92F23B65F3C6CC58B587FEE1,
				04861877E63DA1FBF123DB0B,
				42A946EA50B2EF1CDD1E6E6B,
				9224D5AFE15DC7388A8743C4,
				5A7F7E40189FE7EE6ECA53F8,
				C6A74DD4BAB5FD5C73C2A6BB,
				492E3942F36153D14DBCFD88,
				13951B3F6117B3DC8A50D955,
				4F63D0F0E79FB5ED072AAF02,
				7515E6DFB4A164F417828A54,
				294800C03ADCF5194A4BAE28,
				570F321E4FD1CD4851FE8983,
				D80CD72B932F0ADD70D0959C,
				BBE2C3FE4E6D934792429F97,
			);
			name = "JUCE Library Code";
			sourceTree = "<group>";
		};
/* End PBXGroup section */

/* Begin PBXNativeTarget section */
		3D1BFCF4A5CB506C1FF48767 /* straDellaMIDI - App */ = {
			isa = PBXNativeTarget;
			buildConfigurationList = 461D50BC74809276B1856B9F;
			buildPhases = (
				A05E74F030BC88CA1DEAA196,
				5BF5B12B8F58254ADFB110F4,
				7ADF18D829A6E69EC2FC48EF,
			);
			buildRules = (
			);
			dependencies = (
			);
			name = "straDellaMIDI - App";
			productName = straDellaMIDI;
			productReference = 8ADF014293BCEE69859E341E;
			productType = "com.apple.product-type.application";
		};
/* End PBXNativeTarget section */

/* Begin PBXProject section */
		34CE1FC559C5CCE7645F4AA8 = {
			isa = PBXProject;
			attributes = {
				BuildIndependentTargetsInParallel = YES;
				LastUpgradeCheck = 1340;
				ORGANIZATIONNAME = "";
				TargetAttributes = {
					3D1BFCF4A5CB506C1FF48767 = {
						SystemCapabilities = {
							com.apple.ApplicationGroups.iOS = {
								enabled = 0;
							};
							com.apple.HardenedRuntime = {
								enabled = 0;
							};
							com.apple.InAppPurchase = {
								enabled = 0;
							};
							com.apple.InterAppAudio = {
								enabled = 0;
							};
							com.apple.Push = {
								enabled = 0;
							};
							com.apple.Sandbox = {
								enabled = 0;
							};
						};
					};
				};
			};
			buildConfigurationList = 6D76DE07588DA0DA7906B698;
			compatibilityVersion = "Xcode 3.2";
			hasScannedForEncodings = 0;
			knownRegions = (
				en,
				Base,
			);
			mainGroup = 3DBF386244137DCF9C9A2A7E;
			projectDirPath = "";
			projectRoot = "";
			targets = (
				3D1BFCF4A5CB506C1FF48767,
			);
		};
/* End PBXProject section */

/* Begin PBXResourcesBuildPhase section */
		A05E74F030BC88CA1DEAA196 = {
			isa = PBXResourcesBuildPhase;
			buildActionMask = 2147483647;
			files = (
				5E0EAE380B1998FA935CF515,
			);
			runOnlyForDeploymentPostprocessing = 0;
		};
/* End PBXResourcesBuildPhase section */

/* Begin PBXSourcesBuildPhase section */
		5BF5B12B8F58254ADFB110F4 = {
			isa = PBXSourcesBuildPhase;
			buildActionMask = 2147483647;
			files = (
				D5BC4D0EA930DD96C6831919,
				DC9D8A4F914513296C906767,
				A76E70375AACE62EE238171E,
				F8417ACA6A78837403F0CDF2,
				06A216FBBF531CED41B0F71A,
				66F667D621D0015BD789EF99,
				074730391BF41D4CB3517B70,
				3E7B2333F4803165FFB7A382,
				BF9B32793426514794227869,
				7712C1C50EF7112AAF6BB149,
				A10965B80423594E5932126B,
				05DED8DFCB49884D3BF770EB,
				4981BD116BB2CF7B5EE4153B,
				222FD0CAF8067A07EC7B9201,
				4FE10AECEC12DF35AC337A7C,
				738D0FE31DC4B7207C47D8D8,
				05C6B8235FCAE327AA85F4F1,
				10959566E8E64246E8A5B658,
				71FB986F62B50685EF5C3B9A,
			);
			runOnlyForDeploymentPostprocessing = 0;
		};
/* End PBXSourcesBuildPhase section */

/* Begin XCBuildConfiguration section */
		386CE2AD553E9A86697328BC /* Release */ = {
			isa = XCBuildConfiguration;
			buildSettings = {
				CLANG_CXX_LANGUAGE_STANDARD = "c++17";
				CLANG_CXX_LIBRARY = "libc++";
				CLANG_LINK_OBJC_RUNTIME = NO;
				COMBINE_HIDPI_IMAGES = YES;
				CONFIGURATION_BUILD_DIR = "$(PROJECT_DIR)/build/$(CONFIGURATION)";
				DEAD_CODE_STRIPPING = YES;
				EXCLUDED_ARCHS = "";
				GCC_GENERATE_DEBUGGING_SYMBOLS = NO;
				GCC_OPTIMIZATION_LEVEL = 3;
				GCC_PREPROCESSOR_DEFINITIONS = (
					"_NDEBUG=1",
					"NDEBUG=1",
					"JUCE_PROJUCER_VERSION=0x8000c",
					"JUCE_MODULE_AVAILABLE_juce_audio_basics=1",
					"JUCE_MODULE_AVAILABLE_juce_audio_devices=1",
					"JUCE_MODULE_AVAILABLE_juce_audio_formats=1",
					"JUCE_MODULE_AVAILABLE_juce_audio_processors=1",
					"JUCE_MODULE_AVAILABLE_juce_audio_processors_headless=1",
					"JUCE_MODULE_AVAILABLE_juce_audio_utils=1",
					"JUCE_MODULE_AVAILABLE_juce_core=1",
					"JUCE_MODULE_AVAILABLE_juce_data_structures=1",
					"JUCE_MODULE_AVAILABLE_juce_events=1",
					"JUCE_MODULE_AVAILABLE_juce_graphics=1",
					"JUCE_MODULE_AVAILABLE_juce_gui_basics=1",
					"JUCE_MODULE_AVAILABLE_juce_gui_extra=1",
					"JUCE_GLOBAL_MODULE_SETTINGS_INCLUDED=1",
					"JUCE_STRICT_REFCOUNTEDPOINTER=1",
					"JUCE_STANDALONE_APPLICATION=1",
					"JUCER_XCODE_MAC_F6D2F4CF=1",
					"JUCE_APP_VERSION=1.0.0",
					"JUCE_APP_VERSION_HEX=0x10000",
					"JucePlugin_Build_VST=0",
					"JucePlugin_Build_VST3=0",
					"JucePlugin_Build_AU=0",
					"JucePlugin_Build_AUv3=0",
					"JucePlugin_Build_AAX=0",
					"JucePlugin_Build_Standalone=0",
					"JucePlugin_Build_Unity=0",
					"JucePlugin_Build_LV2=0",
				);
				GCC_VERSION = com.apple.compilers.llvm.clang.1_0;
				HEADER_SEARCH_PATHS = (
					"$(SRCROOT)/../../JuceLibraryCode",
					"$(HOME)/JUCE/modules",
					"$(inherited)",
				);
				INFOPLIST_FILE = Info-App.plist;
				INFOPLIST_PREPROCESS = NO;
				INSTALL_PATH = "$(HOME)/Applications";
				LLVM_LTO = YES;
				MACOSX_DEPLOYMENT_TARGET = 10.13;
				MTL_HEADER_SEARCH_PATHS = "$(SRCROOT)/../../JuceLibraryCode $(HOME)/JUCE/modules";
				PRODUCT_BUNDLE_IDENTIFIER = com.yourcompany.straDellaMIDI;
				PRODUCT_NAME = "straDellaMIDI";
				USE_HEADERMAP = NO;
				VALID_ARCHS = "i386 x86_64 arm64 arm64e";
			};
			name = Release;
		};
		6890BB9A3D5998854578EF2C /* Debug */ = {
			isa = XCBuildConfiguration;
			buildSettings = {
				CLANG_CXX_LANGUAGE_STANDARD = "c++17";
				CLANG_CXX_LIBRARY = "libc++";
				CLANG_LINK_OBJC_RUNTIME = NO;
				COMBINE_HIDPI_IMAGES = YES;
				CONFIGURATION_BUILD_DIR = "$(PROJECT_DIR)/build/$(CONFIGURATION)";
				COPY_PHASE_STRIP = NO;
				EXCLUDED_ARCHS = "";
				GCC_DYNAMIC_NO_PIC = NO;
				GCC_OPTIMIZATION_LEVEL = 0;
				GCC_PREPROCESSOR_DEFINITIONS = (
					"_DEBUG=1",
					"DEBUG=1",
					"JUCE_PROJUCER_VERSION=0x8000c",
					"JUCE_MODULE_AVAILABLE_juce_audio_basics=1",
					"JUCE_MODULE_AVAILABLE_juce_audio_devices=1",
					"JUCE_MODULE_AVAILABLE_juce_audio_formats=1",
					"JUCE_MODULE_AVAILABLE_juce_audio_processors=1",
					"JUCE_MODULE_AVAILABLE_juce_audio_processors_headless=1",
					"JUCE_MODULE_AVAILABLE_juce_audio_utils=1",
					"JUCE_MODULE_AVAILABLE_juce_core=1",
					"JUCE_MODULE_AVAILABLE_juce_data_structures=1",
					"JUCE_MODULE_AVAILABLE_juce_events=1",
					"JUCE_MODULE_AVAILABLE_juce_graphics=1",
					"JUCE_MODULE_AVAILABLE_juce_gui_basics=1",
					"JUCE_MODULE_AVAILABLE_juce_gui_extra=1",
					"JUCE_GLOBAL_MODULE_SETTINGS_INCLUDED=1",
					"JUCE_STRICT_REFCOUNTEDPOINTER=1",
					"JUCE_STANDALONE_APPLICATION=1",
					"JUCER_XCODE_MAC_F6D2F4CF=1",
					"JUCE_APP_VERSION=1.0.0",
					"JUCE_APP_VERSION_HEX=0x10000",
					"JucePlugin_Build_VST=0",
					"JucePlugin_Build_VST3=0",
					"JucePlugin_Build_AU=0",
					"JucePlugin_Build_AUv3=0",
					"JucePlugin_Build_AAX=0",
					"JucePlugin_Build_Standalone=0",
					"JucePlugin_Build_Unity=0",
					"JucePlugin_Build_LV2=0",
				);
				GCC_VERSION = com.apple.compilers.llvm.clang.1_0;
				HEADER_SEARCH_PATHS = (
					"$(SRCROOT)/../../JuceLibraryCode",
					"$(HOME)/JUCE/modules",
					"$(inherited)",
				);
				INFOPLIST_FILE = Info-App.plist;
				INFOPLIST_PREPROCESS = NO;
				INSTALL_PATH = "$(HOME)/Applications";
				MACOSX_DEPLOYMENT_TARGET = 10.13;
				MTL_HEADER_SEARCH_PATHS = "$(SRCROOT)/../../JuceLibraryCode $(HOME)/JUCE/modules";
				PRODUCT_BUNDLE_IDENTIFIER = com.yourcompany.straDellaMIDI;
				PRODUCT_NAME = "straDellaMIDI";
				USE_HEADERMAP = NO;
				VALID_ARCHS = "i386 x86_64 arm64 arm64e";
			};
			name = Debug;
		};
		754136EAB69AA38BB5E68F7F /* Release */ = {
			isa = XCBuildConfiguration;
			buildSettings = {
				ALWAYS_SEARCH_USER_PATHS = NO;
				CLANG_ENABLE_OBJC_WEAK = YES;
				CLANG_WARN_BLOCK_CAPTURE_AUTORELEASING = YES;
				CLANG_WARN_BOOL_CONVERSION = YES;
				CLANG_WARN_COMMA = YES;
				CLANG_WARN_CONSTANT_CONVERSION = YES;
				CLANG_WARN_DEPRECATED_OBJC_IMPLEMENTATIONS = YES;
				CLANG_WARN_EMPTY_BODY = YES;
				CLANG_WARN_ENUM_CONVERSION = YES;
				CLANG_WARN_INFINITE_RECURSION = YES;
				CLANG_WARN_INT_CONVERSION = YES;
				CLANG_WARN_NON_LITERAL_NULL_CONVERSION = YES;
				CLANG_WARN_OBJC_IMPLICIT_RETAIN_SELF = YES;
				CLANG_WARN_OBJC_LITERAL_CONVERSION = YES;
				CLANG_WARN_RANGE_LOOP_ANALYSIS = YES;
				CLANG_WARN_STRICT_PROTOTYPES = YES;
				CLANG_WARN_SUSPICIOUS_MOVE = YES;
				CLANG_WARN_UNREACHABLE_CODE = YES;
				CLANG_WARN__DUPLICATE_METHOD_MATCH = YES;
				DEBUG_INFORMATION_FORMAT = dwarf;
				ENABLE_STRICT_OBJC_MSGSEND = YES;
				ENABLE_TESTABILITY = NO;
				GCC_C_LANGUAGE_STANDARD = c11;
				GCC_INLINES_ARE_PRIVATE_EXTERN = YES;
				GCC_MODEL_TUNING = G5;
				GCC_NO_COMMON_BLOCKS = YES;
				GCC_SYMBOLS_PRIVATE_EXTERN = YES;
				GCC_WARN_64_TO_32_BIT_CONVERSION = YES;
				GCC_WARN_ABOUT_RETURN_TYPE = YES;
				GCC_WARN_CHECK_SWITCH_STATEMENTS = YES;
				GCC_WARN_MISSING_PARENTHESES = YES;
				GCC_WARN_NON_VIRTUAL_DESTRUCTOR = YES;
				GCC_WARN_TYPECHECK_CALLS_TO_PRINTF = YES;
				GCC_WARN_UNDECLARED_SELECTOR = YES;
				GCC_WARN_UNINITIALIZED_AUTOS = YES;
				GCC_WARN_UNUSED_FUNCTION = YES;
				GCC_WARN_UNUSED_VARIABLE = YES;
				OTHER_CODE_SIGN_FLAGS = --timestamp;
				PRODUCT_NAME = "straDellaMIDI";
				SDKROOT = macosx;
				WARNING_CFLAGS = "-Wreorder";
				ZERO_LINK = NO;
			};
			name = Release;
		};
		CACD1B88B9EEB698C060BD41 /* Debug */ = {
			isa = XCBuildConfiguration;
			buildSettings = {
				ALWAYS_SEARCH_USER_PATHS = NO;
				CLANG_ENABLE_OBJC_WEAK = YES;
				CLANG_WARN_BLOCK_CAPTURE_AUTORELEASING = YES;
				CLANG_WARN_BOOL_CONVERSION = YES;
				CLANG_WARN_COMMA = YES;
				CLANG_WARN_CONSTANT_CONVERSION = YES;
				CLANG_WARN_DEPRECATED_OBJC_IMPLEMENTATIONS = YES;
				CLANG_WARN_EMPTY_BODY = YES;
				CLANG_WARN_ENUM_CONVERSION = YES;
				CLANG_WARN_INFINITE_RECURSION = YES;
				CLANG_WARN_INT_CONVERSION = YES;
				CLANG_WARN_NON_LITERAL_NULL_CONVERSION = YES;
				CLANG_WARN_OBJC_IMPLICIT_RETAIN_SELF = YES;
				CLANG_WARN_OBJC_LITERAL_CONVERSION = YES;
				CLANG_WARN_RANGE_LOOP_ANALYSIS = YES;
				CLANG_WARN_STRICT_PROTOTYPES = YES;
				CLANG_WARN_SUSPICIOUS_MOVE = YES;
				CLANG_WARN_UNREACHABLE_CODE = YES;
				CLANG_WARN__DUPLICATE_METHOD_MATCH = YES;
				DEBUG_INFORMATION_FORMAT = dwarf;
				ENABLE_STRICT_OBJC_MSGSEND = YES;
				ENABLE_TESTABILITY = NO;
				GCC_C_LANGUAGE_STANDARD = c11;
				GCC_INLINES_ARE_PRIVATE_EXTERN = YES;
				GCC_MODEL_TUNING = G5;
				GCC_NO_COMMON_BLOCKS = YES;
				GCC_SYMBOLS_PRIVATE_EXTERN = YES;
				GCC_WARN_64_TO_32_BIT_CONVERSION = YES;
				GCC_WARN_ABOUT_RETURN_TYPE = YES;
				GCC_WARN_CHECK_SWITCH_STATEMENTS = YES;
				GCC_WARN_MISSING_PARENTHESES = YES;
				GCC_WARN_NON_VIRTUAL_DESTRUCTOR = YES;
				GCC_WARN_TYPECHECK_CALLS_TO_PRINTF = YES;
				GCC_WARN_UNDECLARED_SELECTOR = YES;
				GCC_WARN_UNINITIALIZED_AUTOS = YES;
				GCC_WARN_UNUSED_FUNCTION = YES;
				GCC_WARN_UNUSED_VARIABLE = YES;
				ONLY_ACTIVE_ARCH = YES;
				OTHER_CODE_SIGN_FLAGS = --timestamp;
				PRODUCT_NAME = "straDellaMIDI";
				SDKROOT = macosx;
				WARNING_CFLAGS = "-Wreorder";
				ZERO_LINK = NO;
			};
			name = Debug;
		};
/* End XCBuildConfiguration section */

/* Begin XCConfigurationList section */
		461D50BC74809276B1856B9F = {
			isa = XCConfigurationList;
			buildConfigurations = (
				6890BB9A3D5998854578EF2C,
				386CE2AD553E9A86697328BC,
			);
			defaultConfigurationIsVisible = 0;
			defaultConfigurationName = Debug;
		};
		6D76DE07588DA0DA7906B698 = {
			isa = XCConfigurationList;
			buildConfigurations = (
				754136EAB69AA38BB5E68F7F,
				CACD1B88B9EEB698C060BD41,
			);
			defaultConfigurationIsVisible = 0;
			defaultConfigurationName = Debug;
		};
/* End XCConfigurationList section */
	};
	rootObject = 34CE1FC559C5CCE7645F4AA8 /* Project object */;
}
